
Microsoft Visual Studio Solution File, Format Version 12.00
# Visual Studio Version 17
VisualStudioVersion = 17.14.36511.14
MinimumVisualStudioVersion = 10.0.40219.1
Project("{2150E333-8FDC-42A3-9474-1A3956D46DE8}") = "Task0", "Task0", "{02EA681E-C7D8-13C7-8484-4AC65E1B71E8}"
EndProject
Project("{FAE04EC0-301F-11D3-BF4B-00C04F79EFBC}") = "Tyuiu.AfoninME.Sprint2.Task0.V24", "Tyuiu.AfoninME.Sprint2.Task0.V24\Tyuiu.AfoninME.Sprint2.Task0.V24.csproj", "{C6E81AFE-C8E2-4416-BD08-AE8A575C439A}"
EndProject
Project("{FAE04EC0-301F-11D3-BF4B-00C04F79EFBC}") = "Tyuiu.AfoninME.Sprint2.Task0.V24.Lib", "Tyuiu.AfoninME.Sprint2.Task0.V24.Lib\Tyuiu.AfoninME.Sprint2.Task0.V24.Lib.csproj", "{9729D3F8-85B8-45F2-BAAB-C2D20DE17013}"
EndProject
Project("{FAE04EC0-301F-11D3-BF4B-00C04F79EFBC}") = "Tyuiu.AfoninME.Sprint2.Task0.V24.Test", "Tyuiu.AfoninME.Sprint2.Task0.V24.Test\Tyuiu.AfoninME.Sprint2.Task0.V24.Test.csproj", "{1ED928AC-EEFD-42CB-9810-C4A6E86372DF}"
EndProject
Project("{2150E333-8FDC-42A3-9474-1A3956D46DE8}") = "Task1", "Task1", "{A32D0B5A-DA00-4D33-B928-C6D8F921C9BE}"
EndProject
Project("{FAE04EC0-301F-11D3-BF4B-00C04F79EFBC}") = "Tyuiu.AfoninME.Sprint2.Task1.V12", "Tyuiu.AfoninME.Sprint2.Task1.V12\Tyuiu.AfoninME.Sprint2.Task1.V12.csproj", "{86F9EA18-D6D9-497C-99F6-47AFF8BBFCCB}"
EndProject
Project("{FAE04EC0-301F-11D3-BF4B-00C04F79EFBC}") = "Tyuiu.AfoninME.Sprint2.Task1.V12.Lib", "Tyuiu.AfoninME.Sprint2.Task1.V12.Lib\Tyuiu.AfoninME.Sprint2.Task1.V12.Lib.csproj", "{74F359EB-07AC-4CFE-9A69-CB937163A88B}"
EndProject
Project("{FAE04EC0-301F-11D3-BF4B-00C04F79EFBC}") = "Tyuiu.AfoninME.Sprint2.Task1.V12.Test", "Tyuiu.AfoninME.Sprint2.Task1.V12.Test\Tyuiu.AfoninME.Sprint2.Task1.V12.Test.csproj", "{CFEA3004-80C6-42D9-9BD2-7FBC2BA18B8D}"
EndProject
Project("{2150E333-8FDC-42A3-9474-1A3956D46DE8}") = "Task2", "Task2", "{A264D65C-17BF-4531-BB6A-02907EF5948B}"
EndProject
Project("{FAE04EC0-301F-11D3-BF4B-00C04F79EFBC}") = "Tyuiu.AfoninME.Sprint2.Task2.V29", "Tyuiu.AfoninME.Sprint2.Task2.V29\Tyuiu.AfoninME.Sprint2.Task2.V29.csproj", "{7E7D92EB-D82A-4DD4-A149-F6762779D635}"
EndProject
Project("{FAE04EC0-301F-11D3-BF4B-00C04F79EFBC}") = "Tyuiu.AfoninME.Sprint2.Task2.V29.Lib", "Tyuiu.AfoninME.Sprint2.Task2.V29.Lib\Tyuiu.AfoninME.Sprint2.Task2.V29.Lib.csproj", "{2E6FE364-A951-4ACE-B789-2E5E40308951}"
EndProject
Project("{FAE04EC0-301F-11D3-BF4B-00C04F79EFBC}") = "Tyuiu.AfoninME.Sprint2.Task2.V29.Test", "Tyuiu.AfoninME.Sprint2.Task2.V29.Test\Tyuiu.AfoninME.Sprint2.Task2.V29.Test.csproj", "{E4C6ADDC-4173-4561-B910-E81A49E2C256}"
EndProject
Project("{2150E333-8FDC-42A3-9474-1A3956D46DE8}") = "Task3", "Task3", "{9E0651E8-44E4-4385-8242-5E759CE08DD1}"
EndProject
Project("{FAE04EC0-301F-11D3-BF4B-00C04F79EFBC}") = "Tyuiu.AfoninME.Sprint2.Task3.V23", "Tyuiu.AfoninME.Sprint2.Task3.V23\Tyuiu.AfoninME.Sprint2.Task3.V23.csproj", "{057B3B93-6E06-4710-B138-2049BC203AE1}"
EndProject
Project("{FAE04EC0-301F-11D3-BF4B-00C04F79EFBC}") = "Tyuiu.AfoninME.Sprint2.Task3.V23.Lib", "Tyuiu.AfoninME.Sprint2.Task3.V23.Lib\Tyuiu.AfoninME.Sprint2.Task3.V23.Lib.csproj", "{B4AD93FA-F7AD-440C-A5DA-A32E73A8795F}"
EndProject
Project("{FAE04EC0-301F-11D3-BF4B-00C04F79EFBC}") = "Tyuiu.AfoninME.Sprint2.Task3.V23.Test", "Tyuiu.AfoninME.Sprint2.Task3.V23.Test\Tyuiu.AfoninME.Sprint2.Task3.V23.Test.csproj", "{0206F172-3F93-44F0-9BE2-F94B55766EAD}"
EndProject
Global
	GlobalSection(SolutionConfigurationPlatforms) = preSolution
		Debug|Any CPU = Debug|Any CPU
		Release|Any CPU = Release|Any CPU
	EndGlobalSection
	GlobalSection(ProjectConfigurationPlatforms) = postSolution
		{C6E81AFE-C8E2-4416-BD08-AE8A575C439A}.Debug|Any CPU.ActiveCfg = Debug|Any CPU
		{C6E81AFE-C8E2-4416-BD08-AE8A575C439A}.Debug|Any CPU.Build.0 = Debug|Any CPU
		{C6E81AFE-C8E2-4416-BD08-AE8A575C439A}.Release|Any CPU.ActiveCfg = Release|Any CPU
		{C6E81AFE-C8E2-4416-BD08-AE8A575C439A}.Release|Any CPU.Build.0 = Release|Any CPU
		{9729D3F8-85B8-45F2-BAAB-C2D20DE17013}.Debug|Any CPU.ActiveCfg = Debug|Any CPU
		{9729D3F8-85B8-45F2-BAAB-C2D20DE17013}.Debug|Any CPU.Build.0 = Debug|Any CPU
		{9729D3F8-85B8-45F2-BAAB-C2D20DE17013}.Release|Any CPU.ActiveCfg = Release|Any CPU
		{9729D3F8-85B8-45F2-BAAB-C2D20DE17013}.Release|Any CPU.Build.0 = Release|Any CPU
		{1ED928AC-EEFD-42CB-9810-C4A6E86372DF}.Debug|Any CPU.ActiveCfg = Debug|Any CPU
		{1ED928AC-EEFD-42CB-9810-C4A6E86372DF}.Debug|Any CPU.Build.0 = Debug|Any CPU
		{1ED928AC-EEFD-42CB-9810-C4A6E86372DF}.Release|Any CPU.ActiveCfg = Release|Any CPU
		{1ED928AC-EEFD-42CB-9810-C4A6E86372DF}.Release|Any CPU.Build.0 = Release|Any CPU
		{86F9EA18-D6D9-497C-99F6-47AFF8BBFCCB}.Debug|Any CPU.ActiveCfg = Debug|Any CPU
		{86F9EA18-D6D9-497C-99F6-47AFF8BBFCCB}.Debug|Any CPU.Build.0 = Debug|Any CPU
		{86F9EA18-D6D9-497C-99F6-47AFF8BBFCCB}.Release|Any CPU.ActiveCfg = Release|Any CPU
		{86F9EA18-D6D9-497C-99F6-47AFF8BBFCCB}.Release|Any CPU.Build.0 = Release|Any CPU
		{74F359EB-07AC-4CFE-9A69-CB937163A88B}.Debug|Any CPU.ActiveCfg = Debug|Any CPU
		{74F359EB-07AC-4CFE-9A69-CB937163A88B}.Debug|Any CPU.Build.0 = Debug|Any CPU
		{74F359EB-07AC-4CFE-9A69-CB937163A88B}.Release|Any CPU.ActiveCfg = Release|Any CPU
		{74F359EB-07AC-4CFE-9A69-CB937163A88B}.Release|Any CPU.Build.0 = Release|Any CPU
		{CFEA3004-80C6-42D9-9BD2-7FBC2BA18B8D}.Debug|Any CPU.ActiveCfg = Debug|Any CPU
		{CFEA3004-80C6-42D9-9BD2-7FBC2BA18B8D}.Debug|Any CPU.Build.0 = Debug|Any CPU
		{CFEA3004-80C6-42D9-9BD2-7FBC2BA18B8D}.Release|Any CPU.ActiveCfg = Release|Any CPU
		{CFEA3004-80C6-42D9-9BD2-7FBC2BA18B8D}.Release|Any CPU.Build.0 = Release|Any CPU
		{7E7D92EB-D82A-4DD4-A149-F6762779D635}.Debug|Any CPU.ActiveCfg = Debug|Any CPU
		{7E7D92EB-D82A-4DD4-A149-F6762779D635}.Debug|Any CPU.Build.0 = Debug|Any CPU
		{7E7D92EB-D82A-4DD4-A149-F6762779D635}.Release|Any CPU.ActiveCfg = Release|Any CPU
		{7E7D92EB-D82A-4DD4-A149-F6762779D635}.Release|Any CPU.Build.0 = Release|Any CPU
		{2E6FE364-A951-4ACE-B789-2E5E40308951}.Debug|Any CPU.ActiveCfg = Debug|Any CPU
		{2E6FE364-A951-4ACE-B789-2E5E40308951}.Debug|Any CPU.Build.0 = Debug|Any CPU
		{2E6FE364-A951-4ACE-B789-2E5E40308951}.Release|Any CPU.ActiveCfg = Release|Any CPU
		{2E6FE364-A951-4ACE-B789-2E5E40308951}.Release|Any CPU.Build.0 = Release|Any CPU
		{E4C6ADDC-4173-4561-B910-E81A49E2C256}.Debug|Any CPU.ActiveCfg = Debug|Any CPU
		{E4C6ADDC-4173-4561-B910-E81A49E2C256}.Debug|Any CPU.Build.0 = Debug|Any CPU
		{E4C6ADDC-4173-4561-B910-E81A49E2C256}.Release|Any CPU.ActiveCfg = Release|Any CPU
		{E4C6ADDC-4173-4561-B910-E81A49E2C256}.Release|Any CPU.Build.0 = Release|Any CPU
		{057B3B93-6E06-4710-B138-2049BC203AE1}.Debug|Any CPU.ActiveCfg = Debug|Any CPU
		{057B3B93-6E06-4710-B138-2049BC203AE1}.Debug|Any CPU.Build.0 = Debug|Any CPU
		{057B3B93-6E06-4710-B138-2049BC203AE1}.Release|Any CPU.ActiveCfg = Release|Any CPU
		{057B3B93-6E06-4710-B138-2049BC203AE1}.Release|Any CPU.Build.0 = Release|Any CPU
		{B4AD93FA-F7AD-440C-A5DA-A32E73A8795F}.Debug|Any CPU.ActiveCfg = Debug|Any CPU
		{B4AD93FA-F7AD-440C-A5DA-A32E73A8795F}.Debug|Any CPU.Build.0 = Debug|Any CPU
		{B4AD93FA-F7AD-440C-A5DA-A32E73A8795F}.Release|Any CPU.ActiveCfg = Release|Any CPU
		{B4AD93FA-F7AD-440C-A5DA-A32E73A8795F}.Release|Any CPU.Build.0 = Release|Any CPU
		{0206F172-3F93-44F0-9BE2-F94B55766EAD}.Debug|Any CPU.ActiveCfg = Debug|Any CPU
		{0206F172-3F93-44F0-9BE2-F94B55766EAD}.Debug|Any CPU.Build.0 = Debug|Any CPU
		{0206F172-3F93-44F0-9BE2-F94B55766EAD}.Release|Any CPU.ActiveCfg = Release|Any CPU
		{0206F172-3F93-44F0-9BE2-F94B55766EAD}.Release|Any CPU.Build.0 = Release|Any CPU
	EndGlobalSection
	GlobalSection(SolutionProperties) = preSolution
		HideSolutionNode = FALSE
	EndGlobalSection
	GlobalSection(NestedProjects) = preSolution
		{C6E81AFE-C8E2-4416-BD08-AE8A575C439A} = {02EA681E-C7D8-13C7-8484-4AC65E1B71E8}
		{9729D3F8-85B8-45F2-BAAB-C2D20DE17013} = {02EA681E-C7D8-13C7-8484-4AC65E1B71E8}
		{1ED928AC-EEFD-42CB-9810-C4A6E86372DF} = {02EA681E-C7D8-13C7-8484-4AC65E1B71E8}
		{86F9EA18-D6D9-497C-99F6-47AFF8BBFCCB} = {A32D0B5A-DA00-4D33-B928-C6D8F921C9BE}
		{74F359EB-07AC-4CFE-9A69-CB937163A88B} = {A32D0B5A-DA00-4D33-B928-C6D8F921C9BE}
		{CFEA3004-80C6-42D9-9BD2-7FBC2BA18B8D} = {A32D0B5A-DA00-4D33-B928-C6D8F921C9BE}
		{7E7D92EB-D82A-4DD4-A149-F6762779D635} = {A264D65C-17BF-4531-BB6A-02907EF5948B}
		{2E6FE364-A951-4ACE-B789-2E5E40308951} = {A264D65C-17BF-4531-BB6A-02907EF5948B}
		{E4C6ADDC-4173-4561-B910-E81A49E2C256} = {A264D65C-17BF-4531-BB6A-02907EF5948B}
		{057B3B93-6E06-4710-B138-2049BC203AE1} = {9E0651E8-44E4-4385-8242-5E759CE08DD1}
		{B4AD93FA-F7AD-440C-A5DA-A32E73A8795F} = {9E0651E8-44E4-4385-8242-5E759CE08DD1}
		{0206F172-3F93-44F0-9BE2-F94B55766EAD} = {9E0651E8-44E4-4385-8242-5E759CE08DD1}
	EndGlobalSection
	GlobalSection(ExtensibilityGlobals) = postSolution
		SolutionGuid = {56DFBCAE-C1EB-4790-9C8D-915D43760C3A}
	EndGlobalSection
EndGlobal
